github.com/cockroachdb/apd/v3 v3.2.1 h1:U+8j7t0axsIgvQUqthuNm82HIrYXodOV2iWLWtEaIwg=
github.com/cockroachdb/apd/v3 v3.2.1/go.mod h1:klXJcjp+FffLTHlhIG69tezTDvdP065naDsHzKhYSqc=
github.com/lib/pq v1.10.7 h1:p7ZhMD+KsSRozJr34udlUrhboJwWAgCg34+/ZZNvZZw=
github.com/lib/pq v1.10.7/go.mod h1:AlVN5x4E4T544tWzH6hKfbfQvm3HdbOxrmggDNAPY9o=
github.com/linkdotnet/golang-stringbuilder v0.11.0 h1:WAh5n6qAeCmLIYDK1ffnqNC7zduHuP8Dj36W0C3gAWc=
github.com/linkdotnet/golang-stringbuilder v0.11.0/go.mod h1:a3n5xhqlIN67KU1Wlm6sGT0B/vEX40bhLKaGhVNeauM=
